# THIS IS AN AUTOGENERATED FILE. DO NOT EDIT THIS FILE DIRECTLY.
# yarn lockfile v1


camelcase-keys@^6.2.2:
  version "6.2.2"
  resolved "https://registry.yarnpkg.com/camelcase-keys/-/camelcase-keys-6.2.2.tgz#5e755d6ba51aa223ec7d3d52f25778210f9dc3c0"
  integrity sha512-YrwaA0vEKazPBkn0ipTiMpSajYDSe+KjQfrjhcBMxJt/znbvlHd8Pw/Vamaz5EB4Wfhs3SUR3Z9mwRu/P3s3Yg==
  dependencies:
    camelcase "^5.3.1"
    map-obj "^4.0.0"
    quick-lru "^4.0.1"

camelcase@^5.3.1:
  version "5.3.1"
  resolved "https://registry.yarnpkg.com/camelcase/-/camelcase-5.3.1.tgz#e3c9b31569e106811df242f715725a1f4c494320"
  integrity sha512-L28STB170nwWS63UjtlEOE3dldQApaJXZkOI1uMFfzf3rRuPegHaHesyee+YxQ+W6SvRDQV6UrdOdRiR153wJg==

fluture@^13.0.1:
  version "13.0.1"
  resolved "https://registry.yarnpkg.com/fluture/-/fluture-13.0.1.tgz#2026944079d0c2324949988af15e131d226d7f46"
  integrity sha512-AhYpO5ZCsy781dtCW3XQH1XOasshr7+zn8aREWZq5FobkqVYp7EXBQnRpY/Rwf6Z4A+BLlOmW8T9U9yacDPppw==
  dependencies:
    sanctuary-show "^2.0.0"
    sanctuary-type-identifiers "^3.0.0"

map-obj@^4.0.0:
  version "4.1.0"
  resolved "https://registry.yarnpkg.com/map-obj/-/map-obj-4.1.0.tgz#b91221b542734b9f14256c0132c897c5d7256fd5"
  integrity sha512-glc9y00wgtwcDmp7GaE/0b0OnxpNJsVf3ael/An6Fe2Q51LLwN1er6sdomLRzz5h0+yMpiYLhWYF5R7HeqVd4g==

quick-lru@^4.0.1:
  version "4.0.1"
  resolved "https://registry.yarnpkg.com/quick-lru/-/quick-lru-4.0.1.tgz#5b8878f113a58217848c6482026c73e1ba57727f"
  integrity sha512-ARhCpm70fzdcvNQfPoy49IaanKkTlRWF2JMzqhcJbhSFRZv7nPTvZJdcY7301IPmvW+/p0RgIWnQDLJxifsQ7g==

ramda@^0.27.1:
  version "0.27.1"
  resolved "https://registry.yarnpkg.com/ramda/-/ramda-0.27.1.tgz#66fc2df3ef873874ffc2da6aa8984658abacf5c9"
  integrity sha512-PgIdVpn5y5Yns8vqb8FzBUEYn98V3xcPgawAkkgj0YJ0qDsnHCiNmZYfOGMgOvoB0eWFLpYbhxUR3mxfDIMvpw==

sanctuary-show@^2.0.0:
  version "2.0.0"
  resolved "https://registry.yarnpkg.com/sanctuary-show/-/sanctuary-show-2.0.0.tgz#2326b4744f4b0f993f18ca56a29f68a50f514637"
  integrity sha512-REj4ZiioUXnDLj6EpJ9HcYDIEGaEexmB9Fg5o6InZR9f0x5PfnnC21QeU9SZ9E7G8zXSZPNjy8VRUK4safbesw==

sanctuary-type-identifiers@^3.0.0:
  version "3.0.0"
  resolved "https://registry.yarnpkg.com/sanctuary-type-identifiers/-/sanctuary-type-identifiers-3.0.0.tgz#51cb488d2ed9f194946a64ffe2b41dd49a348c0b"
  integrity sha512-YFXYcG0Ura1dSPd/1xLYtE2XAWUEsBHhMTZvYBOvwT8MeFQwdUOCMm2DC+r94z6H93FVq0qxDac8/D7QpJj6Mg==

snakecase-keys@^3.2.0:
  version "3.2.0"
  resolved "https://registry.yarnpkg.com/snakecase-keys/-/snakecase-keys-3.2.0.tgz#3ac428d643c6634eca461192fc7f731378fa7bd1"
  integrity sha512-WTJ0NhCH/37J+PU3fuz0x5b6TvtWQChTcKPOndWoUy0pteKOe0hrHMzSRsJOWSIP48EQkzUEsgQPmrG3W8pFNQ==
  dependencies:
    map-obj "^4.0.0"
    to-snake-case "^1.0.0"

to-no-case@^1.0.0:
  version "1.0.2"
  resolved "https://registry.yarnpkg.com/to-no-case/-/to-no-case-1.0.2.tgz#c722907164ef6b178132c8e69930212d1b4aa16a"
  integrity sha1-xyKQcWTvaxeBMsjmmTAhLRtKoWo=

to-snake-case@^1.0.0:
  version "1.0.0"
  resolved "https://registry.yarnpkg.com/to-snake-case/-/to-snake-case-1.0.0.tgz#ce746913897946019a87e62edfaeaea4c608ab8c"
  integrity sha1-znRpE4l5RgGah+Yu366upMYIq4w=
  dependencies:
    to-space-case "^1.0.0"

to-space-case@^1.0.0:
  version "1.0.0"
  resolved "https://registry.yarnpkg.com/to-space-case/-/to-space-case-1.0.0.tgz#b052daafb1b2b29dc770cea0163e5ec0ebc9fc17"
  integrity sha1-sFLar7Gysp3HcM6gFj5ewOvJ/Bc=
  dependencies:
    to-no-case "^1.0.0"
